Microsoft Visual Studio Solution File, Format Version 12.00
# Visual Studio Version 17
VisualStudioVersion = 17.5.2.0
MinimumVisualStudioVersion = 10.0.40219.1
Project("{FAE04EC0-301F-11D3-BF4B-00C04F79EFBC}") = "WhileLoopExamples", "WhileLoopExamples.csproj", "{5D54998C-BF87-77D8-F51D-295FF80841D6}"
EndProject
Global
	GlobalSection(SolutionConfigurationPlatforms) = preSolution
		Debug|Any CPU = Debug|Any CPU
		Release|Any CPU = Release|Any CPU
	EndGlobalSection
	GlobalSection(ProjectConfigurationPlatforms) = postSolution
		{5D54998C-BF87-77D8-F51D-295FF80841D6}.Debug|Any CPU.ActiveCfg = Debug|Any CPU
		{5D54998C-BF87-77D8-F51D-295FF80841D6}.Debug|Any CPU.Build.0 = Debug|Any CPU
		{5D54998C-BF87-77D8-F51D-295FF80841D6}.Release|Any CPU.ActiveCfg = Release|Any CPU
		{5D54998C-BF87-77D8-F51D-295FF80841D6}.Release|Any CPU.Build.0 = Release|Any CPU
	EndGlobalSection
	GlobalSection(SolutionProperties) = preSolution
		HideSolutionNode = FALSE
	EndGlobalSection
	GlobalSection(ExtensibilityGlobals) = postSolution
		SolutionGuid = {52613301-9718-4467-A8B5-3CBD966B896E}
	EndGlobalSection
EndGlobal
